
Microsoft Visual Studio Solution File, Format Version 12.00
# Visual Studio 15
VisualStudioVersion = 15.0.28010.2026
MinimumVisualStudioVersion = 10.0.40219.1
Project("{8BC9CEB8-8B4A-11D0-8D11-00A0C91BC942}") = "AI_Starter_Lab", "AI_Starter_Lab.vcxproj", "{337A9569-AFEE-408D-84BA-5E118A2FFEEF}"
EndProject
Global
	GlobalSection(SolutionConfigurationPlatforms) = preSolution
		Debug|x64 = Debug|x64
		Debug|x86 = Debug|x86
		Release|x64 = Release|x64
		Release|x86 = Release|x86
	EndGlobalSection
	GlobalSection(ProjectConfigurationPlatforms) = postSolution
		{337A9569-AFEE-408D-84BA-5E118A2FFEEF}.Debug|x64.ActiveCfg = Debug|x64
		{337A9569-AFEE-408D-84BA-5E118A2FFEEF}.Debug|x64.Build.0 = Debug|x64
		{337A9569-AFEE-408D-84BA-5E118A2FFEEF}.Debug|x86.ActiveCfg = Debug|Win32
		{337A9569-AFEE-408D-84BA-5E118A2FFEEF}.Debug|x86.Build.0 = Debug|Win32
		{337A9569-AFEE-408D-84BA-5E118A2FFEEF}.Release|x64.ActiveCfg = Release|x64
		{337A9569-AFEE-408D-84BA-5E118A2FFEEF}.Release|x64.Build.0 = Release|x64
		{337A9569-AFEE-408D-84BA-5E118A2FFEEF}.Release|x86.ActiveCfg = Release|Win32
		{337A9569-AFEE-408D-84BA-5E118A2FFEEF}.Release|x86.Build.0 = Release|Win32
	EndGlobalSection
	GlobalSection(SolutionProperties) = preSolution
		HideSolutionNode = FALSE
	EndGlobalSection
	GlobalSection(ExtensibilityGlobals) = postSolution
		SolutionGuid = {77E8D103-A37F-4FAB-BE85-C45E349A68B9}
	EndGlobalSection
EndGlobal
